Microsoft Visual Studio Solution File, Format Version 12.00
# Visual Studio Version 17
VisualStudioVersion = 17.5.2.0
MinimumVisualStudioVersion = 10.0.40219.1
Project("{FAE04EC0-301F-11D3-BF4B-00C04F79EFBC}") = "PrimeBasket.Auth.API", "PrimeBasket.Auth.API\PrimeBasket.Auth.API.csproj", "{BA093C40-6972-D62C-2055-79DD61651E0A}"
EndProject
Global
	GlobalSection(SolutionConfigurationPlatforms) = preSolution
		Debug|Any CPU = Debug|Any CPU
		Release|Any CPU = Release|Any CPU
	EndGlobalSection
	GlobalSection(ProjectConfigurationPlatforms) = postSolution
		{BA093C40-6972-D62C-2055-79DD61651E0A}.Debug|Any CPU.ActiveCfg = Debug|Any CPU
		{BA093C40-6972-D62C-2055-79DD61651E0A}.Debug|Any CPU.Build.0 = Debug|Any CPU
		{BA093C40-6972-D62C-2055-79DD61651E0A}.Release|Any CPU.ActiveCfg = Release|Any CPU
		{BA093C40-6972-D62C-2055-79DD61651E0A}.Release|Any CPU.Build.0 = Release|Any CPU
	EndGlobalSection
	GlobalSection(SolutionProperties) = preSolution
		HideSolutionNode = FALSE
	EndGlobalSection
	GlobalSection(ExtensibilityGlobals) = postSolution
		SolutionGuid = {0A067C88-F081-4B10-A085-4320C6996B97}
	EndGlobalSection
EndGlobal
