Microsoft Visual Studio Solution File, Format Version 12.00
# Visual Studio Version 17
VisualStudioVersion = 17.5.2.0
MinimumVisualStudioVersion = 10.0.40219.1
Project("{FAE04EC0-301F-11D3-BF4B-00C04F79EFBC}") = "PrimeBasket.Auth.API", "PrimeBasket.Auth.API\PrimeBasket.Auth.API.csproj", "{BA093C40-6972-D62C-2055-79DD61651E0A}"
EndProject
Project("{FAE04EC0-301F-11D3-BF4B-00C04F79EFBC}") = "PrimeBasket.ApiGateway", "PrimeBasket.ApiGateway\PrimeBasket.ApiGateway.csproj", "{7496D8B2-226A-419D-834D-9FB2AC4E845E}"
EndProject
Project("{FAE04EC0-301F-11D3-BF4B-00C04F79EFBC}") = "PrimeBasket.Product.API", "PrimeBasket.Product.API\PrimeBasket.Product.API.csproj", "{CA5C95A5-8C87-4803-8D2F-D2017CF8A035}"
EndProject
Project("{FAE04EC0-301F-11D3-BF4B-00C04F79EFBC}") = "PrimeBasket.Cart.API", "PrimeBasket.Cart.API\PrimeBasket.Cart.API.csproj", "{5D2FA409-4230-4869-9F76-59D3CCFBCA32}"
EndProject
Project("{FAE04EC0-301F-11D3-BF4B-00C04F79EFBC}") = "PrimeBasket.Payment.API", "PrimeBasket.Payment.API\PrimeBasket.Payment.API.csproj", "{534B4BB5-A230-4008-AEAA-CB167BF36108}"
EndProject
Global
	GlobalSection(SolutionConfigurationPlatforms) = preSolution
		Debug|Any CPU = Debug|Any CPU
		Release|Any CPU = Release|Any CPU
	EndGlobalSection
	GlobalSection(ProjectConfigurationPlatforms) = postSolution
		{BA093C40-6972-D62C-2055-79DD61651E0A}.Debug|Any CPU.ActiveCfg = Debug|Any CPU
		{BA093C40-6972-D62C-2055-79DD61651E0A}.Debug|Any CPU.Build.0 = Debug|Any CPU
		{BA093C40-6972-D62C-2055-79DD61651E0A}.Release|Any CPU.ActiveCfg = Release|Any CPU
		{BA093C40-6972-D62C-2055-79DD61651E0A}.Release|Any CPU.Build.0 = Release|Any CPU
		{7496D8B2-226A-419D-834D-9FB2AC4E845E}.Debug|Any CPU.ActiveCfg = Debug|Any CPU
		{7496D8B2-226A-419D-834D-9FB2AC4E845E}.Debug|Any CPU.Build.0 = Debug|Any CPU
		{7496D8B2-226A-419D-834D-9FB2AC4E845E}.Release|Any CPU.ActiveCfg = Release|Any CPU
		{7496D8B2-226A-419D-834D-9FB2AC4E845E}.Release|Any CPU.Build.0 = Release|Any CPU
		{CA5C95A5-8C87-4803-8D2F-D2017CF8A035}.Debug|Any CPU.ActiveCfg = Debug|Any CPU
		{CA5C95A5-8C87-4803-8D2F-D2017CF8A035}.Debug|Any CPU.Build.0 = Debug|Any CPU
		{CA5C95A5-8C87-4803-8D2F-D2017CF8A035}.Release|Any CPU.ActiveCfg = Release|Any CPU
		{CA5C95A5-8C87-4803-8D2F-D2017CF8A035}.Release|Any CPU.Build.0 = Release|Any CPU
		{5D2FA409-4230-4869-9F76-59D3CCFBCA32}.Debug|Any CPU.ActiveCfg = Debug|Any CPU
		{5D2FA409-4230-4869-9F76-59D3CCFBCA32}.Debug|Any CPU.Build.0 = Debug|Any CPU
		{5D2FA409-4230-4869-9F76-59D3CCFBCA32}.Release|Any CPU.ActiveCfg = Release|Any CPU
		{5D2FA409-4230-4869-9F76-59D3CCFBCA32}.Release|Any CPU.Build.0 = Release|Any CPU
		{534B4BB5-A230-4008-AEAA-CB167BF36108}.Debug|Any CPU.ActiveCfg = Debug|Any CPU
		{534B4BB5-A230-4008-AEAA-CB167BF36108}.Debug|Any CPU.Build.0 = Debug|Any CPU
		{534B4BB5-A230-4008-AEAA-CB167BF36108}.Release|Any CPU.ActiveCfg = Release|Any CPU
		{534B4BB5-A230-4008-AEAA-CB167BF36108}.Release|Any CPU.Build.0 = Release|Any CPU
	EndGlobalSection
	GlobalSection(SolutionProperties) = preSolution
		HideSolutionNode = FALSE
	EndGlobalSection
	GlobalSection(ExtensibilityGlobals) = postSolution
		SolutionGuid = {0A067C88-F081-4B10-A085-4320C6996B97}
	EndGlobalSection
EndGlobal
